
Microsoft Visual Studio Solution File, Format Version 12.00
# Visual Studio Version 17
VisualStudioVersion = 17.4.33205.214
MinimumVisualStudioVersion = 10.0.40219.1
Project("{FAE04EC0-301F-11D3-BF4B-00C04F79EFBC}") = "Catalog", "Catalog\Catalog.csproj", "{4314BB02-3D9E-4BA6-A754-6ACDE5246B98}"
EndProject
Project("{9A19103F-16F7-4668-BE54-9A1E7A4F7556}") = "Core", "Core\Core.csproj", "{89F61825-A927-4A28-86CD-109C6CACA1DF}"
EndProject
Global
	GlobalSection(SolutionConfigurationPlatforms) = preSolution
		Debug|Any CPU = Debug|Any CPU
		Release|Any CPU = Release|Any CPU
	EndGlobalSection
	GlobalSection(ProjectConfigurationPlatforms) = postSolution
		{4314BB02-3D9E-4BA6-A754-6ACDE5246B98}.Debug|Any CPU.ActiveCfg = Debug|Any CPU
		{4314BB02-3D9E-4BA6-A754-6ACDE5246B98}.Debug|Any CPU.Build.0 = Debug|Any CPU
		{4314BB02-3D9E-4BA6-A754-6ACDE5246B98}.Release|Any CPU.ActiveCfg = Release|Any CPU
		{4314BB02-3D9E-4BA6-A754-6ACDE5246B98}.Release|Any CPU.Build.0 = Release|Any CPU
		{89F61825-A927-4A28-86CD-109C6CACA1DF}.Debug|Any CPU.ActiveCfg = Debug|Any CPU
		{89F61825-A927-4A28-86CD-109C6CACA1DF}.Debug|Any CPU.Build.0 = Debug|Any CPU
		{89F61825-A927-4A28-86CD-109C6CACA1DF}.Release|Any CPU.ActiveCfg = Release|Any CPU
		{89F61825-A927-4A28-86CD-109C6CACA1DF}.Release|Any CPU.Build.0 = Release|Any CPU
	EndGlobalSection
	GlobalSection(SolutionProperties) = preSolution
		HideSolutionNode = FALSE
	EndGlobalSection
	GlobalSection(ExtensibilityGlobals) = postSolution
		SolutionGuid = {A86085B8-A04D-4052-838F-5C6D470CCF5C}
	EndGlobalSection
EndGlobal
